
Microsoft Visual Studio Solution File, Format Version 12.00
# Visual Studio Version 17
VisualStudioVersion = 17.1.32421.90
MinimumVisualStudioVersion = 10.0.40219.1
Project("{FAE04EC0-301F-11D3-BF4B-00C04F79EFBC}") = "Connection", "Connection\Connection.csproj", "{C2709580-DBA4-4AC8-91F6-12E6CC5C29A6}"
EndProject
Global
	GlobalSection(SolutionConfigurationPlatforms) = preSolution
		Debug|Any CPU = Debug|Any CPU
		Release|Any CPU = Release|Any CPU
	EndGlobalSection
	GlobalSection(ProjectConfigurationPlatforms) = postSolution
		{C2709580-DBA4-4AC8-91F6-12E6CC5C29A6}.Debug|Any CPU.ActiveCfg = Debug|Any CPU
		{C2709580-DBA4-4AC8-91F6-12E6CC5C29A6}.Debug|Any CPU.Build.0 = Debug|Any CPU
		{C2709580-DBA4-4AC8-91F6-12E6CC5C29A6}.Release|Any CPU.ActiveCfg = Release|Any CPU
		{C2709580-DBA4-4AC8-91F6-12E6CC5C29A6}.Release|Any CPU.Build.0 = Release|Any CPU
	EndGlobalSection
	GlobalSection(SolutionProperties) = preSolution
		HideSolutionNode = FALSE
	EndGlobalSection
	GlobalSection(ExtensibilityGlobals) = postSolution
		SolutionGuid = {84AE3351-0C18-4D9F-B5B9-B7EC73F11DF0}
	EndGlobalSection
EndGlobal
